// !$*UTF8*$!
{
	archiveVersion = 1;
	classes = {
	};
	objectVersion = 46;
	objects = {

/* Begin PBXBuildFile section */
		ED449A061F0C80F000FDA4EE /* ThirdViewController.swift in Sources */ = {isa = PBXBuildFile; fileRef = ED449A051F0C80F000FDA4EE /* ThirdViewController.swift */; };
		ED449A081F0C89BD00FDA4EE /* NewViewController.swift in Sources */ = {isa = PBXBuildFile; fileRef = ED449A071F0C89BD00FDA4EE /* NewViewController.swift */; };
		ED449A141F0CAD7F00FDA4EE /* NextViewController.swift in Sources */ = {isa = PBXBuildFile; fileRef = ED449A131F0CAD7F00FDA4EE /* NextViewController.swift */; };
		ED5A85E41F03A47700F006A9 /* AppDelegate.swift in Sources */ = {isa = PBXBuildFile; fileRef = ED5A85E31F03A47700F006A9 /* AppDelegate.swift */; };
		ED5A85E61F03A47700F006A9 /* FirstViewController.swift in Sources */ = {isa = PBXBuildFile; fileRef = ED5A85E51F03A47700F006A9 /* FirstViewController.swift */; };
		ED5A85E81F03A47700F006A9 /* SecondViewController.swift in Sources */ = {isa = PBXBuildFile; fileRef = ED5A85E71F03A47700F006A9 /* SecondViewController.swift */; };
		ED5A85EB1F03A47700F006A9 /* Main.storyboard in Resources */ = {isa = PBXBuildFile; fileRef = ED5A85E91F03A47700F006A9 /* Main.storyboard */; };
		ED5A85ED1F03A47700F006A9 /* Assets.xcassets in Resources */ = {isa = PBXBuildFile; fileRef = ED5A85EC1F03A47700F006A9 /* Assets.xcassets */; };
		ED5A85F01F03A47700F006A9 /* LaunchScreen.storyboard in Resources */ = {isa = PBXBuildFile; fileRef = ED5A85EE1F03A47700F006A9 /* LaunchScreen.storyboard */; };
		ED5A85FB1F03A47700F006A9 /* yona_bTests.swift in Sources */ = {isa = PBXBuildFile; fileRef = ED5A85FA1F03A47700F006A9 /* yona_bTests.swift */; };
		ED5A86061F03A47700F006A9 /* yona_bUITests.swift in Sources */ = {isa = PBXBuildFile; fileRef = ED5A86051F03A47700F006A9 /* yona_bUITests.swift */; };
/* End PBXBuildFile section */

/* Begin PBXContainerItemProxy section */
		ED5A85F71F03A47700F006A9 /* PBXContainerItemProxy */ = {
			isa = PBXContainerItemProxy;
			containerPortal = ED5A85D81F03A47700F006A9 /* Project object */;
			proxyType = 1;
			remoteGlobalIDString = ED5A85DF1F03A47700F006A9;
			remoteInfo = "yona-b";
		};
		ED5A86021F03A47700F006A9 /* PBXContainerItemProxy */ = {
			isa = PBXContainerItemProxy;
			containerPortal = ED5A85D81F03A47700F006A9 /* Project object */;
			proxyType = 1;
			remoteGlobalIDString = ED5A85DF1F03A47700F006A9;
			remoteInfo = "yona-b";
		};
/* End PBXContainerItemProxy section */

/* Begin PBXFileReference section */
		ED449A051F0C80F000FDA4EE /* ThirdViewController.swift */ = {isa = PBXFileReference; fileEncoding = 4; lastKnownFileType = sourcecode.swift; path = ThirdViewController.swift; sourceTree = "<group>"; };
		ED449A071F0C89BD00FDA4EE /* NewViewController.swift */ = {isa = PBXFileReference; fileEncoding = 4; lastKnownFileType = sourcecode.swift; path = NewViewController.swift; sourceTree = "<group>"; };
		ED449A131F0CAD7F00FDA4EE /* NextViewController.swift */ = {isa = PBXFileReference; fileEncoding = 4; lastKnownFileType = sourcecode.swift; path = NextViewController.swift; sourceTree = "<group>"; };
		ED5A85E01F03A47700F006A9 /* yona-b.app */ = {isa = PBXFileReference; explicitFileType = wrapper.application; includeInIndex = 0; path = "yona-b.app"; sourceTree = BUILT_PRODUCTS_DIR; };
		ED5A85E31F03A47700F006A9 /* AppDelegate.swift */ = {isa = PBXFileReference; lastKnownFileType = sourcecode.swift; path = AppDelegate.swift; sourceTree = "<group>"; };
		ED5A85E51F03A47700F006A9 /* FirstViewController.swift */ = {isa = PBXFileReference; lastKnownFileType = sourcecode.swift; path = FirstViewController.swift; sourceTree = "<group>"; };
		ED5A85E71F03A47700F006A9 /* SecondViewController.swift */ = {isa = PBXFileReference; lastKnownFileType = sourcecode.swift; path = SecondViewController.swift; sourceTree = "<group>"; };
		ED5A85EA1F03A47700F006A9 /* Base */ = {isa = PBXFileReference; lastKnownFileType = file.storyboard; name = Base; path = Base.lproj/Main.storyboard; sourceTree = "<group>"; };
		ED5A85EC1F03A47700F006A9 /* Assets.xcassets */ = {isa = PBXFileReference; lastKnownFileType = folder.assetcatalog; path = Assets.xcassets; sourceTree = "<group>"; };
		ED5A85EF1F03A47700F006A9 /* Base */ = {isa = PBXFileReference; lastKnownFileType = file.storyboard; name = Base; path = Base.lproj/LaunchScreen.storyboard; sourceTree = "<group>"; };
		ED5A85F11F03A47700F006A9 /* Info.plist */ = {isa = PBXFileReference; lastKnownFileType = text.plist.xml; path = Info.plist; sourceTree = "<group>"; };
		ED5A85F61F03A47700F006A9 /* yona-bTests.xctest */ = {isa = PBXFileReference; explicitFileType = wrapper.cfbundle; includeInIndex = 0; path = "yona-bTests.xctest"; sourceTree = BUILT_PRODUCTS_DIR; };
		ED5A85FA1F03A47700F006A9 /* yona_bTests.swift */ = {isa = PBXFileReference; lastKnownFileType = sourcecode.swift; path = yona_bTests.swift; sourceTree = "<group>"; };
		ED5A85FC1F03A47700F006A9 /* Info.plist */ = {isa = PBXFileReference; lastKnownFileType = text.plist.xml; path = Info.plist; sourceTree = "<group>"; };
		ED5A86011F03A47700F006A9 /* yona-bUITests.xctest */ = {isa = PBXFileReference; explicitFileType = wrapper.cfbundle; includeInIndex = 0; path = "yona-bUITests.xctest"; sourceTree = BUILT_PRODUCTS_DIR; };
		ED5A86051F03A47700F006A9 /* yona_bUITests.swift */ = {isa = PBXFileReference; lastKnownFileType = sourcecode.swift; path = yona_bUITests.swift; sourceTree = "<group>"; };
		ED5A86071F03A47700F006A9 /* Info.plist */ = {isa = PBXFileReference; lastKnownFileType = text.plist.xml; path = Info.plist; sourceTree = "<group>"; };
/* End PBXFileReference section */

/* Begin PBXFrameworksBuildPhase section */
		ED5A85DD1F03A47700F006A9 /* Frameworks */ = {
			isa = PBXFrameworksBuildPhase;
			buildActionMask = 2147483647;
			files = (
			);
			runOnlyForDeploymentPostprocessing = 0;
		};
		ED5A85F31F03A47700F006A9 /* Frameworks */ = {
			isa = PBXFrameworksBuildPhase;
			buildActionMask = 2147483647;
			files = (
			);
			runOnlyForDeploymentPostprocessing = 0;
		};
		ED5A85FE1F03A47700F006A9 /* Frameworks */ = {
			isa = PBXFrameworksBuildPhase;
			buildActionMask = 2147483647;
			files = (
			);
			runOnlyForDeploymentPostprocessing = 0;
		};
/* End PBXFrameworksBuildPhase section */

/* Begin PBXGroup section */
		ED5A85D71F03A47700F006A9 = {
			isa = PBXGroup;
			children = (
				ED5A85E21F03A47700F006A9 /* yona-b */,
				ED5A85F91F03A47700F006A9 /* yona-bTests */,
				ED5A86041F03A47700F006A9 /* yona-bUITests */,
				ED5A85E11F03A47700F006A9 /* Products */,
			);
			sourceTree = "<group>";
		};
		ED5A85E11F03A47700F006A9 /* Products */ = {
			isa = PBXGroup;
			children = (
				ED5A85E01F03A47700F006A9 /* yona-b.app */,
				ED5A85F61F03A47700F006A9 /* yona-bTests.xctest */,
				ED5A86011F03A47700F006A9 /* yona-bUITests.xctest */,
			);
			name = Products;
			sourceTree = "<group>";
		};
		ED5A85E21F03A47700F006A9 /* yona-b */ = {
			isa = PBXGroup;
			children = (
				ED5A85E31F03A47700F006A9 /* AppDelegate.swift */,
				ED5A85E51F03A47700F006A9 /* FirstViewController.swift */,
				ED5A85E71F03A47700F006A9 /* SecondViewController.swift */,
				ED449A051F0C80F000FDA4EE /* ThirdViewController.swift */,
				ED449A071F0C89BD00FDA4EE /* NewViewController.swift */,
				ED449A131F0CAD7F00FDA4EE /* NextViewController.swift */,
				ED5A85E91F03A47700F006A9 /* Main.storyboard */,
				ED5A85EC1F03A47700F006A9 /* Assets.xcassets */,
				ED5A85EE1F03A47700F006A9 /* LaunchScreen.storyboard */,
				ED5A85F11F03A47700F006A9 /* Info.plist */,
			);
			path = "yona-b";
			sourceTree = "<group>";
		};
		ED5A85F91F03A47700F006A9 /* yona-bTests */ = {
			isa = PBXGroup;
			children = (
				ED5A85FA1F03A47700F006A9 /* yona_bTests.swift */,
				ED5A85FC1F03A47700F006A9 /* Info.plist */,
			);
			path = "yona-bTests";
			sourceTree = "<group>";
		};
		ED5A86041F03A47700F006A9 /* yona-bUITests */ = {
			isa = PBXGroup;
			children = (
				ED5A86051F03A47700F006A9 /* yona_bUITests.swift */,
				ED5A86071F03A47700F006A9 /* Info.plist */,
			);
			path = "yona-bUITests";
			sourceTree = "<group>";
		};
/* End PBXGroup section */

/* Begin PBXNativeTarget section */
		ED5A85DF1F03A47700F006A9 /* yona-b */ = {
			isa = PBXNativeTarget;
			buildConfigurationList = ED5A860A1F03A47700F006A9 /* Build configuration list for PBXNativeTarget "yona-b" */;
			buildPhases = (
				ED5A85DC1F03A47700F006A9 /* Sources */,
				ED5A85DD1F03A47700F006A9 /* Frameworks */,
				ED5A85DE1F03A47700F006A9 /* Resources */,
			);
			buildRules = (
			);
			dependencies = (
			);
			name = "yona-b";
			productName = "yona-b";
			productReference = ED5A85E01F03A47700F006A9 /* yona-b.app */;
			productType = "com.apple.product-type.application";
		};
		ED5A85F51F03A47700F006A9 /* yona-bTests */ = {
			isa = PBXNativeTarget;
			buildConfigurationList = ED5A860D1F03A47700F006A9 /* Build configuration list for PBXNativeTarget "yona-bTests" */;
			buildPhases = (
				ED5A85F21F03A47700F006A9 /* Sources */,
				ED5A85F31F03A47700F006A9 /* Frameworks */,
				ED5A85F41F03A47700F006A9 /* Resources */,
			);
			buildRules = (
			);
			dependencies = (
				ED5A85F81F03A47700F006A9 /* PBXTargetDependency */,
			);
			name = "yona-bTests";
			productName = "yona-bTests";
			productReference = ED5A85F61F03A47700F006A9 /* yona-bTests.xctest */;
			productType = "com.apple.product-type.bundle.unit-test";
		};
		ED5A86001F03A47700F006A9 /* yona-bUITests */ = {
			isa = PBXNativeTarget;
			buildConfigurationList = ED5A86101F03A47700F006A9 /* Build configuration list for PBXNativeTarget "yona-bUITests" */;
			buildPhases = (
				ED5A85FD1F03A47700F006A9 /* Sources */,
				ED5A85FE1F03A47700F006A9 /* Frameworks */,
				ED5A85FF1F03A47700F006A9 /* Resources */,
			);
			buildRules = (
			);
			dependencies = (
				ED5A86031F03A47700F006A9 /* PBXTargetDependency */,
			);
			name = "yona-bUITests";
			productName = "yona-bUITests";
			productReference = ED5A86011F03A47700F006A9 /* yona-bUITests.xctest */;
			productType = "com.apple.product-type.bundle.ui-testing";
		};
/* End PBXNativeTarget section */

/* Begin PBXProject section */
		ED5A85D81F03A47700F006A9 /* Project object */ = {
			isa = PBXProject;
			attributes = {
				LastSwiftUpdateCheck = 0830;
				LastUpgradeCheck = 0830;
				ORGANIZATIONNAME = "株式会社YONA";
				TargetAttributes = {
					ED5A85DF1F03A47700F006A9 = {
						CreatedOnToolsVersion = 8.3.3;
						DevelopmentTeam = KHK76P9YVU;
						ProvisioningStyle = Automatic;
					};
					ED5A85F51F03A47700F006A9 = {
						CreatedOnToolsVersion = 8.3.3;
						DevelopmentTeam = KHK76P9YVU;
						ProvisioningStyle = Automatic;
						TestTargetID = ED5A85DF1F03A47700F006A9;
					};
					ED5A86001F03A47700F006A9 = {
						CreatedOnToolsVersion = 8.3.3;
						DevelopmentTeam = KHK76P9YVU;
						ProvisioningStyle = Automatic;
						TestTargetID = ED5A85DF1F03A47700F006A9;
					};
				};
			};
			buildConfigurationList = ED5A85DB1F03A47700F006A9 /* Build configuration list for PBXProject "yona-b" */;
			compatibilityVersion = "Xcode 3.2";
			developmentRegion = English;
			hasScannedForEncodings = 0;
			knownRegions = (
				en,
				Base,
			);
			mainGroup = ED5A85D71F03A47700F006A9;
			productRefGroup = ED5A85E11F03A47700F006A9 /* Products */;
			projectDirPath = "";
			projectRoot = "";
			targets = (
				ED5A85DF1F03A47700F006A9 /* yona-b */,
				ED5A85F51F03A47700F006A9 /* yona-bTests */,
				ED5A86001F03A47700F006A9 /* yona-bUITests */,
			);
		};
/* End PBXProject section */

/* Begin PBXResourcesBuildPhase section */
		ED5A85DE1F03A47700F006A9 /* Resources */ = {
			isa = PBXResourcesBuildPhase;
			buildActionMask = 2147483647;
			files = (
				ED5A85F01F03A47700F006A9 /* LaunchScreen.storyboard in Resources */,
				ED5A85ED1F03A47700F006A9 /* Assets.xcassets in Resources */,
				ED5A85EB1F03A47700F006A9 /* Main.storyboard in Resources */,
			);
			runOnlyForDeploymentPostprocessing = 0;
		};
		ED5A85F41F03A47700F006A9 /* Resources */ = {
			isa = PBXResourcesBuildPhase;
			buildActionMask = 2147483647;
			files = (
			);
			runOnlyForDeploymentPostprocessing = 0;
		};
		ED5A85FF1F03A47700F006A9 /* Resources */ = {
			isa = PBXResourcesBuildPhase;
			buildActionMask = 2147483647;
			files = (
			);
			runOnlyForDeploymentPostprocessing = 0;
		};
/* End PBXResourcesBuildPhase section */

/* Begin PBXSourcesBuildPhase section */
		ED5A85DC1F03A47700F006A9 /* Sources */ = {
			isa = PBXSourcesBuildPhase;
			buildActionMask = 2147483647;
			files = (
				ED5A85E81F03A47700F006A9 /* SecondViewController.swift in Sources */,
				ED449A141F0CAD7F00FDA4EE /* NextViewController.swift in Sources */,
				ED5A85E41F03A47700F006A9 /* AppDelegate.swift in Sources */,
				ED449A081F0C89BD00FDA4EE /* NewViewController.swift in Sources */,
				ED449A061F0C80F000FDA4EE /* ThirdViewController.swift in Sources */,
				ED5A85E61F03A47700F006A9 /* FirstViewController.swift in Sources */,
			);
			runOnlyForDeploymentPostprocessing = 0;
		};
		ED5A85F21F03A47700F006A9 /* Sources */ = {
			isa = PBXSourcesBuildPhase;
			buildActionMask = 2147483647;
			files = (
				ED5A85FB1F03A47700F006A9 /* yona_bTests.swift in Sources */,
			);
			runOnlyForDeploymentPostprocessing = 0;
		};
		ED5A85FD1F03A47700F006A9 /* Sources */ = {
			isa = PBXSourcesBuildPhase;
			buildActionMask = 2147483647;
			files = (
				ED5A86061F03A47700F006A9 /* yona_bUITests.swift in Sources */,
			);
			runOnlyForDeploymentPostprocessing = 0;
		};
/* End PBXSourcesBuildPhase section */

/* Begin PBXTargetDependency section */
		ED5A85F81F03A47700F006A9 /* PBXTargetDependency */ = {
			isa = PBXTargetDependency;
			target = ED5A85DF1F03A47700F006A9 /* yona-b */;
			targetProxy = ED5A85F71F03A47700F006A9 /* PBXContainerItemProxy */;
		};
		ED5A86031F03A47700F006A9 /* PBXTargetDependency */ = {
			isa = PBXTargetDependency;
			target = ED5A85DF1F03A47700F006A9 /* yona-b */;
			targetProxy = ED5A86021F03A47700F006A9 /* PBXContainerItemProxy */;
		};
/* End PBXTargetDependency section */

/* Begin PBXVariantGroup section */
		ED5A85E91F03A47700F006A9 /* Main.storyboard */ = {
			isa = PBXVariantGroup;
			children = (
				ED5A85EA1F03A47700F006A9 /* Base */,
			);
			name = Main.storyboard;
			sourceTree = "<group>";
		};
		ED5A85EE1F03A47700F006A9 /* LaunchScreen.storyboard */ = {
			isa = PBXVariantGroup;
			children = (
				ED5A85EF1F03A47700F006A9 /* Base */,
			);
			name = LaunchScreen.storyboard;
			sourceTree = "<group>";
		};
/* End PBXVariantGroup section */

/* Begin XCBuildConfiguration section */
		ED5A86081F03A47700F006A9 /* Debug */ = {
			isa = XCBuildConfiguration;
			buildSettings = {
				ALWAYS_SEARCH_USER_PATHS = NO;
				CLANG_ANALYZER_NONNULL = YES;
				CLANG_ANALYZER_NUMBER_OBJECT_CONVERSION = YES_AGGRESSIVE;
				CLANG_CXX_LANGUAGE_STANDARD = "gnu++0x";
				CLANG_CXX_LIBRARY = "libc++";
				CLANG_ENABLE_MODULES = YES;
				CLANG_ENABLE_OBJC_ARC = YES;
				CLANG_WARN_BOOL_CONVERSION = YES;
				CLANG_WARN_CONSTANT_CONVERSION = YES;
				CLANG_WARN_DIRECT_OBJC_ISA_USAGE = YES_ERROR;
				CLANG_WARN_DOCUMENTATION_COMMENTS = YES;
				CLANG_WARN_EMPTY_BODY = YES;
				CLANG_WARN_ENUM_CONVERSION = YES;
				CLANG_WARN_INFINITE_RECURSION = YES;
				CLANG_WARN_INT_CONVERSION = YES;
				CLANG_WARN_OBJC_ROOT_CLASS = YES_ERROR;
				CLANG_WARN_SUSPICIOUS_MOVE = YES;
				CLANG_WARN_UNREACHABLE_CODE = YES;
				CLANG_WARN__DUPLICATE_METHOD_MATCH = YES;
				"CODE_SIGN_IDENTITY[sdk=iphoneos*]" = "iPhone Developer";
				COPY_PHASE_STRIP = NO;
				DEBUG_INFORMATION_FORMAT = dwarf;
				ENABLE_STRICT_OBJC_MSGSEND = YES;
				ENABLE_TESTABILITY = YES;
				GCC_C_LANGUAGE_STANDARD = gnu99;
				GCC_DYNAMIC_NO_PIC = NO;
				GCC_NO_COMMON_BLOCKS = YES;
				GCC_OPTIMIZATION_LEVEL = 0;
				GCC_PREPROCESSOR_DEFINITIONS = (
					"DEBUG=1",
					"$(inherited)",
				);
				GCC_WARN_64_TO_32_BIT_CONVERSION = YES;
				GCC_WARN_ABOUT_RETURN_TYPE = YES_ERROR;
				GCC_WARN_UNDECLARED_SELECTOR = YES;
				GCC_WARN_UNINITIALIZED_AUTOS = YES_AGGRESSIVE;
				GCC_WARN_UNUSED_FUNCTION = YES;
				GCC_WARN_UNUSED_VARIABLE = YES;
				IPHONEOS_DEPLOYMENT_TARGET = 10.3;
				MTL_ENABLE_DEBUG_INFO = YES;
				ONLY_ACTIVE_ARCH = YES;
				SDKROOT = iphoneos;
				SWIFT_ACTIVE_COMPILATION_CONDITIONS = DEBUG;
				SWIFT_OPTIMIZATION_LEVEL = "-Onone";
			};
			name = Debug;
		};
		ED5A86091F03A47700F006A9 /* Release */ = {
			isa = XCBuildConfiguration;
			buildSettings = {
				ALWAYS_SEARCH_USER_PATHS = NO;
				CLANG_ANALYZER_NONNULL = YES;
				CLANG_ANALYZER_NUMBER_OBJECT_CONVERSION = YES_AGGRESSIVE;
				CLANG_CXX_LANGUAGE_STANDARD = "gnu++0x";
				CLANG_CXX_LIBRARY = "libc++";
				CLANG_ENABLE_MODULES = YES;
				CLANG_ENABLE_OBJC_ARC = YES;
				CLANG_WARN_BOOL_CONVERSION = YES;
				CLANG_WARN_CONSTANT_CONVERSION = YES;
				CLANG_WARN_DIRECT_OBJC_ISA_USAGE = YES_ERROR;
				CLANG_WARN_DOCUMENTATION_COMMENTS = YES;
				CLANG_WARN_EMPTY_BODY = YES;
				CLANG_WARN_ENUM_CONVERSION = YES;
				CLANG_WARN_INFINITE_RECURSION = YES;
				CLANG_WARN_INT_CONVERSION = YES;
				CLANG_WARN_OBJC_ROOT_CLASS = YES_ERROR;
				CLANG_WARN_SUSPICIOUS_MOVE = YES;
				CLANG_WARN_UNREACHABLE_CODE = YES;
				CLANG_WARN__DUPLICATE_METHOD_MATCH = YES;
				"CODE_SIGN_IDENTITY[sdk=iphoneos*]" = "iPhone Developer";
				COPY_PHASE_STRIP = NO;
				DEBUG_INFORMATION_FORMAT = "dwarf-with-dsym";
				ENABLE_NS_ASSERTIONS = NO;
				ENABLE_STRICT_OBJC_MSGSEND = YES;
				GCC_C_LANGUAGE_STANDARD = gnu99;
				GCC_NO_COMMON_BLOCKS = YES;
				GCC_WARN_64_TO_32_BIT_CONVERSION = YES;
				GCC_WARN_ABOUT_RETURN_TYPE = YES_ERROR;
				GCC_WARN_UNDECLARED_SELECTOR = YES;
				GCC_WARN_UNINITIALIZED_AUTOS = YES_AGGRESSIVE;
				GCC_WARN_UNUSED_FUNCTION = YES;
				GCC_WARN_UNUSED_VARIABLE = YES;
				IPHONEOS_DEPLOYMENT_TARGET = 10.3;
				MTL_ENABLE_DEBUG_INFO = NO;
				SDKROOT = iphoneos;
				SWIFT_OPTIMIZATION_LEVEL = "-Owholemodule";
				VALIDATE_PRODUCT = YES;
			};
			name = Release;
		};
		ED5A860B1F03A47700F006A9 /* Debug */ = {
			isa = XCBuildConfiguration;
			buildSettings = {
				ASSETCATALOG_COMPILER_APPICON_NAME = AppIcon;
				DEVELOPMENT_TEAM = KHK76P9YVU;
				INFOPLIST_FILE = "yona-b/Info.plist";
				LD_RUNPATH_SEARCH_PATHS = "$(inherited) @executable_path/Frameworks";
				PRODUCT_BUNDLE_IDENTIFIER = "yona.yona-b";
				PRODUCT_NAME = "$(TARGET_NAME)";
				SWIFT_VERSION = 3.0;
			};
			name = Debug;
		};
		ED5A860C1F03A47700F006A9 /* Release */ = {
			isa = XCBuildConfiguration;
			buildSettings = {
				ASSETCATALOG_COMPILER_APPICON_NAME = AppIcon;
				DEVELOPMENT_TEAM = KHK76P9YVU;
				INFOPLIST_FILE = "yona-b/Info.plist";
				LD_RUNPATH_SEARCH_PATHS = "$(inherited) @executable_path/Frameworks";
				PRODUCT_BUNDLE_IDENTIFIER = "yona.yona-b";
				PRODUCT_NAME = "$(TARGET_NAME)";
				SWIFT_VERSION = 3.0;
			};
			name = Release;
		};
		ED5A860E1F03A47700F006A9 /* Debug */ = {
			isa = XCBuildConfiguration;
			buildSettings = {
				ALWAYS_EMBED_SWIFT_STANDARD_LIBRARIES = YES;
				BUNDLE_LOADER = "$(TEST_HOST)";
				DEVELOPMENT_TEAM = KHK76P9YVU;
				INFOPLIST_FILE = "yona-bTests/Info.plist";
				LD_RUNPATH_SEARCH_PATHS = "$(inherited) @executable_path/Frameworks @loader_path/Frameworks";
				PRODUCT_BUNDLE_IDENTIFIER = "yona.yona-bTests";
				PRODUCT_NAME = "$(TARGET_NAME)";
				SWIFT_VERSION = 3.0;
				TEST_HOST = "$(BUILT_PRODUCTS_DIR)/yona-b.app/yona-b";
			};
			name = Debug;
		};
		ED5A860F1F03A47700F006A9 /* Release */ = {
			isa = XCBuildConfiguration;
			buildSettings = {
				ALWAYS_EMBED_SWIFT_STANDARD_LIBRARIES = YES;
				BUNDLE_LOADER = "$(TEST_HOST)";
				DEVELOPMENT_TEAM = KHK76P9YVU;
				INFOPLIST_FILE = "yona-bTests/Info.plist";
				LD_RUNPATH_SEARCH_PATHS = "$(inherited) @executable_path/Frameworks @loader_path/Frameworks";
				PRODUCT_BUNDLE_IDENTIFIER = "yona.yona-bTests";
				PRODUCT_NAME = "$(TARGET_NAME)";
				SWIFT_VERSION = 3.0;
				TEST_HOST = "$(BUILT_PRODUCTS_DIR)/yona-b.app/yona-b";
			};
			name = Release;
		};
		ED5A86111F03A47700F006A9 /* Debug */ = {
			isa = XCBuildConfiguration;
			buildSettings = {
				ALWAYS_EMBED_SWIFT_STANDARD_LIBRARIES = YES;
				DEVELOPMENT_TEAM = KHK76P9YVU;
				INFOPLIST_FILE = "yona-bUITests/Info.plist";
				LD_RUNPATH_SEARCH_PATHS = "$(inherited) @executable_path/Frameworks @loader_path/Frameworks";
				PRODUCT_BUNDLE_IDENTIFIER = "yona.yona-bUITests";
				PRODUCT_NAME = "$(TARGET_NAME)";
				SWIFT_VERSION = 3.0;
				TEST_TARGET_NAME = "yona-b";
			};
			name = Debug;
		};
		ED5A86121F03A47700F006A9 /* Release */ = {
			isa = XCBuildConfiguration;
			buildSettings = {
				ALWAYS_EMBED_SWIFT_STANDARD_LIBRARIES = YES;
				DEVELOPMENT_TEAM = KHK76P9YVU;
				INFOPLIST_FILE = "yona-bUITests/Info.plist";
				LD_RUNPATH_SEARCH_PATHS = "$(inherited) @executable_path/Frameworks @loader_path/Frameworks";
				PRODUCT_BUNDLE_IDENTIFIER = "yona.yona-bUITests";
				PRODUCT_NAME = "$(TARGET_NAME)";
				SWIFT_VERSION = 3.0;
				TEST_TARGET_NAME = "yona-b";
			};
			name = Release;
		};
/* End XCBuildConfiguration section */

/* Begin XCConfigurationList section */
		ED5A85DB1F03A47700F006A9 /* Build configuration list for PBXProject "yona-b" */ = {
			isa = XCConfigurationList;
			buildConfigurations = (
				ED5A86081F03A47700F006A9 /* Debug */,
				ED5A86091F03A47700F006A9 /* Release */,
			);
			defaultConfigurationIsVisible = 0;
			defaultConfigurationName = Release;
		};
		ED5A860A1F03A47700F006A9 /* Build configuration list for PBXNativeTarget "yona-b" */ = {
			isa = XCConfigurationList;
			buildConfigurations = (
				ED5A860B1F03A47700F006A9 /* Debug */,
				ED5A860C1F03A47700F006A9 /* Release */,
			);
			defaultConfigurationIsVisible = 0;
			defaultConfigurationName = Release;
		};
		ED5A860D1F03A47700F006A9 /* Build configuration list for PBXNativeTarget "yona-bTests" */ = {
			isa = XCConfigurationList;
			buildConfigurations = (
				ED5A860E1F03A47700F006A9 /* Debug */,
				ED5A860F1F03A47700F006A9 /* Release */,
			);
			defaultConfigurationIsVisible = 0;
			defaultConfigurationName = Release;
		};
		ED5A86101F03A47700F006A9 /* Build configuration list for PBXNativeTarget "yona-bUITests" */ = {
			isa = XCConfigurationList;
			buildConfigurations = (
				ED5A86111F03A47700F006A9 /* Debug */,
				ED5A86121F03A47700F006A9 /* Release */,
			);
			defaultConfigurationIsVisible = 0;
			defaultConfigurationName = Release;
		};
/* End XCConfigurationList section */
	};
	rootObject = ED5A85D81F03A47700F006A9 /* Project object */;
}
